
Microsoft Visual Studio Solution File, Format Version 12.00
# Visual Studio 2012
VisualStudioVersion = 14.0.24720.0
MinimumVisualStudioVersion = 10.0.40219.1
Project("{FAE04EC0-301F-11D3-BF4B-00C04F79EFBC}") = "Resilient.Net", "Resilient.Net\Resilient.Net.csproj", "{87A1D253-0CF4-4EC4-9EBD-E55F60E59F72}"
EndProject
Project("{2150E333-8FDC-42A3-9474-1A3956D46DE8}") = "Solution Items", "Solution Items", "{1B7F05CB-69BA-4E53-A531-C9B3869F2A3A}"
	ProjectSection(SolutionItems) = preProject
		.gitattributes = .gitattributes
		.gitignore = .gitignore
		.travis.yml = .travis.yml
		README.md = README.md
	EndProjectSection
EndProject
Project("{FAE04EC0-301F-11D3-BF4B-00C04F79EFBC}") = "Resilient.Net.Tests", "Resilient.Net.Tests\Resilient.Net.Tests.csproj", "{73542D63-0A50-44B4-AAFE-5DA4765670D6}"
EndProject
Global
	GlobalSection(SolutionConfigurationPlatforms) = preSolution
		Debug|Any CPU = Debug|Any CPU
		Release|Any CPU = Release|Any CPU
	EndGlobalSection
	GlobalSection(ProjectConfigurationPlatforms) = postSolution
		{73542D63-0A50-44B4-AAFE-5DA4765670D6}.Debug|Any CPU.ActiveCfg = Debug|Any CPU
		{73542D63-0A50-44B4-AAFE-5DA4765670D6}.Debug|Any CPU.Build.0 = Debug|Any CPU
		{73542D63-0A50-44B4-AAFE-5DA4765670D6}.Release|Any CPU.ActiveCfg = Release|Any CPU
		{73542D63-0A50-44B4-AAFE-5DA4765670D6}.Release|Any CPU.Build.0 = Release|Any CPU
		{87A1D253-0CF4-4EC4-9EBD-E55F60E59F72}.Debug|Any CPU.ActiveCfg = Debug|Any CPU
		{87A1D253-0CF4-4EC4-9EBD-E55F60E59F72}.Debug|Any CPU.Build.0 = Debug|Any CPU
		{87A1D253-0CF4-4EC4-9EBD-E55F60E59F72}.Release|Any CPU.ActiveCfg = Release|Any CPU
		{87A1D253-0CF4-4EC4-9EBD-E55F60E59F72}.Release|Any CPU.Build.0 = Release|Any CPU
	EndGlobalSection
	GlobalSection(NestedProjects) = preSolution
	EndGlobalSection
	GlobalSection(MonoDevelopProperties) = preSolution
		Policies = $0
		$0.TextStylePolicy = $1
		$1.inheritsSet = null
		$1.scope = text/x-csharp
		$0.CSharpFormattingPolicy = $2
		$2.IndentSwitchBody = True
		$2.AnonymousMethodBraceStyle = NextLine
		$2.PropertyBraceStyle = NextLine
		$2.PropertyGetBraceStyle = NextLine
		$2.PropertySetBraceStyle = NextLine
		$2.EventBraceStyle = NextLine
		$2.EventAddBraceStyle = NextLine
		$2.EventRemoveBraceStyle = NextLine
		$2.StatementBraceStyle = NextLine
		$2.ElseNewLinePlacement = NewLine
		$2.CatchNewLinePlacement = NewLine
		$2.FinallyNewLinePlacement = NewLine
		$2.BeforeMethodDeclarationParentheses = False
		$2.BeforeMethodCallParentheses = False
		$2.BeforeConstructorDeclarationParentheses = False
		$2.NewLineBeforeConstructorInitializerColon = NewLine
		$2.NewLineAfterConstructorInitializerColon = SameLine
		$2.BeforeIndexerDeclarationBracket = False
		$2.BeforeDelegateDeclarationParentheses = False
		$2.AfterDelegateDeclarationParameterComma = True
		$2.NewParentheses = False
		$2.SpacesBeforeBrackets = False
		$2.inheritsSet = Mono
		$2.inheritsScope = text/x-csharp
		$2.scope = text/x-csharp
	EndGlobalSection
	GlobalSection(SolutionProperties) = preSolution
		HideSolutionNode = FALSE
	EndGlobalSection
EndGlobal
